
Microsoft Visual Studio Solution File, Format Version 12.00
# Visual Studio Version 17
VisualStudioVersion = 17.2.32630.192
MinimumVisualStudioVersion = 10.0.40219.1
Project("{8BC9CEB8-8B4A-11D0-8D11-00A0C91BC942}") = "c++", "c++.vcxproj", "{F8634ABA-B427-405A-A45D-8F0DD9DAB60D}"
EndProject
Global
	GlobalSection(SolutionConfigurationPlatforms) = preSolution
		Debug|x64 = Debug|x64
		Debug|x86 = Debug|x86
		Release|x64 = Release|x64
		Release|x86 = Release|x86
	EndGlobalSection
	GlobalSection(ProjectConfigurationPlatforms) = postSolution
		{F8634ABA-B427-405A-A45D-8F0DD9DAB60D}.Debug|x64.ActiveCfg = Debug|x64
		{F8634ABA-B427-405A-A45D-8F0DD9DAB60D}.Debug|x64.Build.0 = Debug|x64
		{F8634ABA-B427-405A-A45D-8F0DD9DAB60D}.Debug|x86.ActiveCfg = Debug|Win32
		{F8634ABA-B427-405A-A45D-8F0DD9DAB60D}.Debug|x86.Build.0 = Debug|Win32
		{F8634ABA-B427-405A-A45D-8F0DD9DAB60D}.Release|x64.ActiveCfg = Release|x64
		{F8634ABA-B427-405A-A45D-8F0DD9DAB60D}.Release|x64.Build.0 = Release|x64
		{F8634ABA-B427-405A-A45D-8F0DD9DAB60D}.Release|x86.ActiveCfg = Release|Win32
		{F8634ABA-B427-405A-A45D-8F0DD9DAB60D}.Release|x86.Build.0 = Release|Win32
	EndGlobalSection
	GlobalSection(SolutionProperties) = preSolution
		HideSolutionNode = FALSE
	EndGlobalSection
	GlobalSection(ExtensibilityGlobals) = postSolution
		SolutionGuid = {4442CB66-0340-4F56-B6E3-1833F751D8A0}
	EndGlobalSection
EndGlobal
